{
  "object": {
    "pins": [
      {
        "package": "ListController",
        "repositoryURL": "https://github.com/MobileUpLLC/ListController/",
        "state": {
          "branch": null,
          "revision": "2da578176c6283949d305dc175e7d323b08f85fd",
          "version": "1.1.0"
        }
      }
    ]
  },
  "version": 1
}
