{
  "object": {
    "pins": [
      {
        "package": "ListController",
        "repositoryURL": "https://github.com/MobileUpLLC/ListController/",
        "state": {
          "branch": null,
          "revision": "02bb6d9ab21b8b32865a745b5593442fa2345db8",
          "version": "1.2.0"
        }
      }
    ]
  },
  "version": 1
}
