{
  "object": {
    "pins": [
      {
        "package": "ListController",
        "repositoryURL": "https://github.com/MobileUpLLC/ListController/",
        "state": {
          "branch": null,
          "revision": "f28bd05cf6afbe82a60b414927ac687040d332f8",
          "version": "1.2.0"
        }
      }
    ]
  },
  "version": 1
}
