// !$*UTF8*$!
{
	archiveVersion = 1;
	classes = {
	};
	objectVersion = 52;
	objects = {

/* Begin PBXBuildFile section */
		8F8657F92779DDDE00ED9240 /* PublisherPagingTableController.swift in Sources */ = {isa = PBXBuildFile; fileRef = 8F8657F82779DDDE00ED9240 /* PublisherPagingTableController.swift */; };
		8F8657FB2779E0A600ED9240 /* CustomPagingTableViewController.swift in Sources */ = {isa = PBXBuildFile; fileRef = 8F8657FA2779E0A600ED9240 /* CustomPagingTableViewController.swift */; };
		8FA102FD2775EC4B0022A56E /* ListController in Frameworks */ = {isa = PBXBuildFile; productRef = 8FA102FC2775EC4B0022A56E /* ListController */; };
		8FA849852775FEC6001B3528 /* PublisherSeasInteractor.swift in Sources */ = {isa = PBXBuildFile; fileRef = 8FA849842775FEC6001B3528 /* PublisherSeasInteractor.swift */; };
		8FA849872775FFE4001B3528 /* PublisherSeasGateway.swift in Sources */ = {isa = PBXBuildFile; fileRef = 8FA849862775FFE4001B3528 /* PublisherSeasGateway.swift */; };
		8FC856FE2778D2DB0081B2B5 /* PagingTableController.swift in Sources */ = {isa = PBXBuildFile; fileRef = 8FC856FD2778D2DB0081B2B5 /* PagingTableController.swift */; };
		8FD150CA277351F1002D042C /* SeasInteractor.swift in Sources */ = {isa = PBXBuildFile; fileRef = 8FD150C9277351F1002D042C /* SeasInteractor.swift */; };
		8FD150CC277353AC002D042C /* SeasGateway.swift in Sources */ = {isa = PBXBuildFile; fileRef = 8FD150CB277353AC002D042C /* SeasGateway.swift */; };
		8FF050FF277376F20035292B /* TabBarPagingTableController.swift in Sources */ = {isa = PBXBuildFile; fileRef = 8FF050FE277376F20035292B /* TabBarPagingTableController.swift */; };
		E20B665926BD5E1000CA1C1E /* Example.swift in Sources */ = {isa = PBXBuildFile; fileRef = E20B665826BD5E1000CA1C1E /* Example.swift */; };
		E26EF4C026BD2DD500E43157 /* AppDelegate.swift in Sources */ = {isa = PBXBuildFile; fileRef = E26EF4BF26BD2DD500E43157 /* AppDelegate.swift */; };
		E26EF4C426BD2DD500E43157 /* ExamplesViewController.swift in Sources */ = {isa = PBXBuildFile; fileRef = E26EF4C326BD2DD500E43157 /* ExamplesViewController.swift */; };
		E26EF4C926BD2DD700E43157 /* Assets.xcassets in Resources */ = {isa = PBXBuildFile; fileRef = E26EF4C826BD2DD700E43157 /* Assets.xcassets */; };
		E26EF4CC26BD2DD700E43157 /* LaunchScreen.storyboard in Resources */ = {isa = PBXBuildFile; fileRef = E26EF4CA26BD2DD700E43157 /* LaunchScreen.storyboard */; };
		E27B485926BD77E500C19A0F /* ExampleCell.swift in Sources */ = {isa = PBXBuildFile; fileRef = E27B485826BD77E500C19A0F /* ExampleCell.swift */; };
		E27B485C26BD80FF00C19A0F /* SearchViewController.swift in Sources */ = {isa = PBXBuildFile; fileRef = E27B485B26BD80FF00C19A0F /* SearchViewController.swift */; };
		E27B486126BD8CAF00C19A0F /* Sea.swift in Sources */ = {isa = PBXBuildFile; fileRef = E27B486026BD8CAF00C19A0F /* Sea.swift */; };
		E27B486326BD914B00C19A0F /* SearchCell.swift in Sources */ = {isa = PBXBuildFile; fileRef = E27B486226BD914B00C19A0F /* SearchCell.swift */; };
		E27B486626BD92A500C19A0F /* TableController.swift in Sources */ = {isa = PBXBuildFile; fileRef = E27B486526BD92A500C19A0F /* TableController.swift */; };
		E2A73F8526C1152C00346314 /* HeaderFooterViewController.swift in Sources */ = {isa = PBXBuildFile; fileRef = E2A73F8426C1152C00346314 /* HeaderFooterViewController.swift */; };
		E2A73F8726C1167F00346314 /* PrimitiveItem.swift in Sources */ = {isa = PBXBuildFile; fileRef = E2A73F8626C1167F00346314 /* PrimitiveItem.swift */; };
		E2A73F8926C1176B00346314 /* PrimitiveItemCell.swift in Sources */ = {isa = PBXBuildFile; fileRef = E2A73F8826C1176B00346314 /* PrimitiveItemCell.swift */; };
		E2A73F8D26C120EA00346314 /* ColoredHeaderFooterCell.swift in Sources */ = {isa = PBXBuildFile; fileRef = E2A73F8C26C120EA00346314 /* ColoredHeaderFooterCell.swift */; };
/* End PBXBuildFile section */

/* Begin PBXFileReference section */
		8F8657F82779DDDE00ED9240 /* PublisherPagingTableController.swift */ = {isa = PBXFileReference; lastKnownFileType = sourcecode.swift; path = PublisherPagingTableController.swift; sourceTree = "<group>"; };
		8F8657FA2779E0A600ED9240 /* CustomPagingTableViewController.swift */ = {isa = PBXFileReference; lastKnownFileType = sourcecode.swift; path = CustomPagingTableViewController.swift; sourceTree = "<group>"; };
		8FA102FA2775EC2C0022A56E /* ListController */ = {isa = PBXFileReference; lastKnownFileType = wrapper; name = ListController; path = ..; sourceTree = "<group>"; };
		8FA849842775FEC6001B3528 /* PublisherSeasInteractor.swift */ = {isa = PBXFileReference; lastKnownFileType = sourcecode.swift; path = PublisherSeasInteractor.swift; sourceTree = "<group>"; };
		8FA849862775FFE4001B3528 /* PublisherSeasGateway.swift */ = {isa = PBXFileReference; lastKnownFileType = sourcecode.swift; path = PublisherSeasGateway.swift; sourceTree = "<group>"; };
		8FC856FD2778D2DB0081B2B5 /* PagingTableController.swift */ = {isa = PBXFileReference; fileEncoding = 4; lastKnownFileType = sourcecode.swift; path = PagingTableController.swift; sourceTree = "<group>"; };
		8FD150C9277351F1002D042C /* SeasInteractor.swift */ = {isa = PBXFileReference; lastKnownFileType = sourcecode.swift; path = SeasInteractor.swift; sourceTree = "<group>"; };
		8FD150CB277353AC002D042C /* SeasGateway.swift */ = {isa = PBXFileReference; lastKnownFileType = sourcecode.swift; path = SeasGateway.swift; sourceTree = "<group>"; };
		8FF050FE277376F20035292B /* TabBarPagingTableController.swift */ = {isa = PBXFileReference; lastKnownFileType = sourcecode.swift; path = TabBarPagingTableController.swift; sourceTree = "<group>"; };
		E20B665826BD5E1000CA1C1E /* Example.swift */ = {isa = PBXFileReference; lastKnownFileType = sourcecode.swift; path = Example.swift; sourceTree = "<group>"; };
		E26EF4BC26BD2DD500E43157 /* ListControllerExample.app */ = {isa = PBXFileReference; explicitFileType = wrapper.application; includeInIndex = 0; path = ListControllerExample.app; sourceTree = BUILT_PRODUCTS_DIR; };
		E26EF4BF26BD2DD500E43157 /* AppDelegate.swift */ = {isa = PBXFileReference; lastKnownFileType = sourcecode.swift; path = AppDelegate.swift; sourceTree = "<group>"; };
		E26EF4C326BD2DD500E43157 /* ExamplesViewController.swift */ = {isa = PBXFileReference; lastKnownFileType = sourcecode.swift; path = ExamplesViewController.swift; sourceTree = "<group>"; };
		E26EF4C826BD2DD700E43157 /* Assets.xcassets */ = {isa = PBXFileReference; lastKnownFileType = folder.assetcatalog; path = Assets.xcassets; sourceTree = "<group>"; };
		E26EF4CB26BD2DD700E43157 /* Base */ = {isa = PBXFileReference; lastKnownFileType = file.storyboard; name = Base; path = Base.lproj/LaunchScreen.storyboard; sourceTree = "<group>"; };
		E26EF4CD26BD2DD700E43157 /* Info.plist */ = {isa = PBXFileReference; lastKnownFileType = text.plist.xml; path = Info.plist; sourceTree = "<group>"; };
		E27B485826BD77E500C19A0F /* ExampleCell.swift */ = {isa = PBXFileReference; lastKnownFileType = sourcecode.swift; path = ExampleCell.swift; sourceTree = "<group>"; };
		E27B485B26BD80FF00C19A0F /* SearchViewController.swift */ = {isa = PBXFileReference; lastKnownFileType = sourcecode.swift; path = SearchViewController.swift; sourceTree = "<group>"; };
		E27B486026BD8CAF00C19A0F /* Sea.swift */ = {isa = PBXFileReference; lastKnownFileType = sourcecode.swift; path = Sea.swift; sourceTree = "<group>"; };
		E27B486226BD914B00C19A0F /* SearchCell.swift */ = {isa = PBXFileReference; lastKnownFileType = sourcecode.swift; path = SearchCell.swift; sourceTree = "<group>"; };
		E27B486526BD92A500C19A0F /* TableController.swift */ = {isa = PBXFileReference; lastKnownFileType = sourcecode.swift; path = TableController.swift; sourceTree = "<group>"; };
		E2A73F8426C1152C00346314 /* HeaderFooterViewController.swift */ = {isa = PBXFileReference; lastKnownFileType = sourcecode.swift; path = HeaderFooterViewController.swift; sourceTree = "<group>"; };
		E2A73F8626C1167F00346314 /* PrimitiveItem.swift */ = {isa = PBXFileReference; lastKnownFileType = sourcecode.swift; path = PrimitiveItem.swift; sourceTree = "<group>"; };
		E2A73F8826C1176B00346314 /* PrimitiveItemCell.swift */ = {isa = PBXFileReference; lastKnownFileType = sourcecode.swift; path = PrimitiveItemCell.swift; sourceTree = "<group>"; };
		E2A73F8C26C120EA00346314 /* ColoredHeaderFooterCell.swift */ = {isa = PBXFileReference; lastKnownFileType = sourcecode.swift; path = ColoredHeaderFooterCell.swift; sourceTree = "<group>"; };
/* End PBXFileReference section */

/* Begin PBXFrameworksBuildPhase section */
		E26EF4B926BD2DD500E43157 /* Frameworks */ = {
			isa = PBXFrameworksBuildPhase;
			buildActionMask = 2147483647;
			files = (
				8FA102FD2775EC4B0022A56E /* ListController in Frameworks */,
			);
			runOnlyForDeploymentPostprocessing = 0;
		};
/* End PBXFrameworksBuildPhase section */

/* Begin PBXGroup section */
		8FA102F92775EC2C0022A56E /* Packages */ = {
			isa = PBXGroup;
			children = (
				8FA102FA2775EC2C0022A56E /* ListController */,
			);
			name = Packages;
			sourceTree = "<group>";
		};
		8FA102FB2775EC4B0022A56E /* Frameworks */ = {
			isa = PBXGroup;
			children = (
			);
			name = Frameworks;
			sourceTree = "<group>";
		};
		8FD150BE27733CAC002D042C /* Pagination */ = {
			isa = PBXGroup;
			children = (
				8FC856FD2778D2DB0081B2B5 /* PagingTableController.swift */,
				8F8657F82779DDDE00ED9240 /* PublisherPagingTableController.swift */,
				8F8657FA2779E0A600ED9240 /* CustomPagingTableViewController.swift */,
				8FD150C9277351F1002D042C /* SeasInteractor.swift */,
				8FD150CB277353AC002D042C /* SeasGateway.swift */,
				8FA849842775FEC6001B3528 /* PublisherSeasInteractor.swift */,
				8FA849862775FFE4001B3528 /* PublisherSeasGateway.swift */,
			);
			path = Pagination;
			sourceTree = "<group>";
		};
		8FF050FD277376DC0035292B /* TabBar */ = {
			isa = PBXGroup;
			children = (
				8FF050FE277376F20035292B /* TabBarPagingTableController.swift */,
			);
			path = TabBar;
			sourceTree = "<group>";
		};
		E20B665226BD38A800CA1C1E /* Examples */ = {
			isa = PBXGroup;
			children = (
				E26EF4C326BD2DD500E43157 /* ExamplesViewController.swift */,
				E27B485826BD77E500C19A0F /* ExampleCell.swift */,
			);
			path = Examples;
			sourceTree = "<group>";
		};
		E20B665326BD38B900CA1C1E /* App */ = {
			isa = PBXGroup;
			children = (
				E26EF4BF26BD2DD500E43157 /* AppDelegate.swift */,
				E26EF4CA26BD2DD700E43157 /* LaunchScreen.storyboard */,
				E26EF4C826BD2DD700E43157 /* Assets.xcassets */,
				E26EF4CD26BD2DD700E43157 /* Info.plist */,
			);
			path = App;
			sourceTree = "<group>";
		};
		E20B665726BD5DF500CA1C1E /* Models */ = {
			isa = PBXGroup;
			children = (
				E20B665826BD5E1000CA1C1E /* Example.swift */,
				E27B486026BD8CAF00C19A0F /* Sea.swift */,
				E2A73F8626C1167F00346314 /* PrimitiveItem.swift */,
			);
			path = Models;
			sourceTree = "<group>";
		};
		E26EF4B326BD2DD500E43157 = {
			isa = PBXGroup;
			children = (
				8FA102F92775EC2C0022A56E /* Packages */,
				E26EF4BE26BD2DD500E43157 /* Source */,
				E26EF4BD26BD2DD500E43157 /* Products */,
				8FA102FB2775EC4B0022A56E /* Frameworks */,
			);
			sourceTree = "<group>";
		};
		E26EF4BD26BD2DD500E43157 /* Products */ = {
			isa = PBXGroup;
			children = (
				E26EF4BC26BD2DD500E43157 /* ListControllerExample.app */,
			);
			name = Products;
			sourceTree = "<group>";
		};
		E26EF4BE26BD2DD500E43157 /* Source */ = {
			isa = PBXGroup;
			children = (
				E20B665726BD5DF500CA1C1E /* Models */,
				E27B485726BD77C300C19A0F /* UI */,
				E20B665326BD38B900CA1C1E /* App */,
			);
			path = Source;
			sourceTree = "<group>";
		};
		E27B485726BD77C300C19A0F /* UI */ = {
			isa = PBXGroup;
			children = (
				E27B486426BD926100C19A0F /* Extensions */,
				E20B665226BD38A800CA1C1E /* Examples */,
				E27B485A26BD80E700C19A0F /* Search */,
				E2A73F8326C114E700346314 /* HeaderFooter */,
				8FF050FD277376DC0035292B /* TabBar */,
				8FD150BE27733CAC002D042C /* Pagination */,
			);
			path = UI;
			sourceTree = "<group>";
		};
		E27B485A26BD80E700C19A0F /* Search */ = {
			isa = PBXGroup;
			children = (
				E27B485B26BD80FF00C19A0F /* SearchViewController.swift */,
				E27B486226BD914B00C19A0F /* SearchCell.swift */,
			);
			path = Search;
			sourceTree = "<group>";
		};
		E27B486426BD926100C19A0F /* Extensions */ = {
			isa = PBXGroup;
			children = (
				E27B486526BD92A500C19A0F /* TableController.swift */,
			);
			path = Extensions;
			sourceTree = "<group>";
		};
		E2A73F8326C114E700346314 /* HeaderFooter */ = {
			isa = PBXGroup;
			children = (
				E2A73F8426C1152C00346314 /* HeaderFooterViewController.swift */,
				E2A73F8826C1176B00346314 /* PrimitiveItemCell.swift */,
				E2A73F8C26C120EA00346314 /* ColoredHeaderFooterCell.swift */,
			);
			path = HeaderFooter;
			sourceTree = "<group>";
		};
/* End PBXGroup section */

/* Begin PBXNativeTarget section */
		E26EF4BB26BD2DD500E43157 /* ListControllerExample */ = {
			isa = PBXNativeTarget;
			buildConfigurationList = E26EF4D026BD2DD700E43157 /* Build configuration list for PBXNativeTarget "ListControllerExample" */;
			buildPhases = (
				E119B30F27A0149E0003EE77 /* SwiftLint */,
				E26EF4B826BD2DD500E43157 /* Sources */,
				E26EF4B926BD2DD500E43157 /* Frameworks */,
				E26EF4BA26BD2DD500E43157 /* Resources */,
			);
			buildRules = (
			);
			dependencies = (
			);
			name = ListControllerExample;
			packageProductDependencies = (
				8FA102FC2775EC4B0022A56E /* ListController */,
			);
			productName = ListControllerExample;
			productReference = E26EF4BC26BD2DD500E43157 /* ListControllerExample.app */;
			productType = "com.apple.product-type.application";
		};
/* End PBXNativeTarget section */

/* Begin PBXProject section */
		E26EF4B426BD2DD500E43157 /* Project object */ = {
			isa = PBXProject;
			attributes = {
				LastSwiftUpdateCheck = 1250;
				LastUpgradeCheck = 1250;
				TargetAttributes = {
					E26EF4BB26BD2DD500E43157 = {
						CreatedOnToolsVersion = 12.5.1;
					};
				};
			};
			buildConfigurationList = E26EF4B726BD2DD500E43157 /* Build configuration list for PBXProject "ListControllerExample" */;
			compatibilityVersion = "Xcode 9.3";
			developmentRegion = en;
			hasScannedForEncodings = 0;
			knownRegions = (
				en,
				Base,
			);
			mainGroup = E26EF4B326BD2DD500E43157;
			packageReferences = (
			);
			productRefGroup = E26EF4BD26BD2DD500E43157 /* Products */;
			projectDirPath = "";
			projectRoot = "";
			targets = (
				E26EF4BB26BD2DD500E43157 /* ListControllerExample */,
			);
		};
/* End PBXProject section */

/* Begin PBXResourcesBuildPhase section */
		E26EF4BA26BD2DD500E43157 /* Resources */ = {
			isa = PBXResourcesBuildPhase;
			buildActionMask = 2147483647;
			files = (
				E26EF4CC26BD2DD700E43157 /* LaunchScreen.storyboard in Resources */,
				E26EF4C926BD2DD700E43157 /* Assets.xcassets in Resources */,
			);
			runOnlyForDeploymentPostprocessing = 0;
		};
/* End PBXResourcesBuildPhase section */

/* Begin PBXShellScriptBuildPhase section */
		E119B30F27A0149E0003EE77 /* SwiftLint */ = {
			isa = PBXShellScriptBuildPhase;
			buildActionMask = 2147483647;
			files = (
			);
			inputFileListPaths = (
			);
			inputPaths = (
			);
			name = SwiftLint;
			outputFileListPaths = (
			);
			outputPaths = (
			);
			runOnlyForDeploymentPostprocessing = 0;
			shellPath = /bin/sh;
			shellScript = "export PATH=\"$PATH:/opt/homebrew/bin\"\n\nif which swiftlint >/dev/null; then\n  swiftlint --path .. --config ../swiftlint.yml\nelse\n  echo \"warning: SwiftLint not installed, download from https://github.com/realm/SwiftLint\"\nfi\n";
		};
/* End PBXShellScriptBuildPhase section */

/* Begin PBXSourcesBuildPhase section */
		E26EF4B826BD2DD500E43157 /* Sources */ = {
			isa = PBXSourcesBuildPhase;
			buildActionMask = 2147483647;
			files = (
				E27B485C26BD80FF00C19A0F /* SearchViewController.swift in Sources */,
				E27B486326BD914B00C19A0F /* SearchCell.swift in Sources */,
				E27B485926BD77E500C19A0F /* ExampleCell.swift in Sources */,
				8FC856FE2778D2DB0081B2B5 /* PagingTableController.swift in Sources */,
				E2A73F8926C1176B00346314 /* PrimitiveItemCell.swift in Sources */,
				E27B486626BD92A500C19A0F /* TableController.swift in Sources */,
				E26EF4C426BD2DD500E43157 /* ExamplesViewController.swift in Sources */,
				E26EF4C026BD2DD500E43157 /* AppDelegate.swift in Sources */,
				8F8657FB2779E0A600ED9240 /* CustomPagingTableViewController.swift in Sources */,
				8FD150CA277351F1002D042C /* SeasInteractor.swift in Sources */,
				8FA849852775FEC6001B3528 /* PublisherSeasInteractor.swift in Sources */,
				8FD150CC277353AC002D042C /* SeasGateway.swift in Sources */,
				8F8657F92779DDDE00ED9240 /* PublisherPagingTableController.swift in Sources */,
				E2A73F8D26C120EA00346314 /* ColoredHeaderFooterCell.swift in Sources */,
				E2A73F8726C1167F00346314 /* PrimitiveItem.swift in Sources */,
				E27B486126BD8CAF00C19A0F /* Sea.swift in Sources */,
				E20B665926BD5E1000CA1C1E /* Example.swift in Sources */,
				8FF050FF277376F20035292B /* TabBarPagingTableController.swift in Sources */,
				E2A73F8526C1152C00346314 /* HeaderFooterViewController.swift in Sources */,
				8FA849872775FFE4001B3528 /* PublisherSeasGateway.swift in Sources */,
			);
			runOnlyForDeploymentPostprocessing = 0;
		};
/* End PBXSourcesBuildPhase section */

/* Begin PBXVariantGroup section */
		E26EF4CA26BD2DD700E43157 /* LaunchScreen.storyboard */ = {
			isa = PBXVariantGroup;
			children = (
				E26EF4CB26BD2DD700E43157 /* Base */,
			);
			name = LaunchScreen.storyboard;
			sourceTree = "<group>";
		};
/* End PBXVariantGroup section */

/* Begin XCBuildConfiguration section */
		E26EF4CE26BD2DD700E43157 /* Debug */ = {
			isa = XCBuildConfiguration;
			buildSettings = {
				ALWAYS_SEARCH_USER_PATHS = NO;
				CLANG_ANALYZER_NONNULL = YES;
				CLANG_ANALYZER_NUMBER_OBJECT_CONVERSION = YES_AGGRESSIVE;
				CLANG_CXX_LANGUAGE_STANDARD = "gnu++14";
				CLANG_CXX_LIBRARY = "libc++";
				CLANG_ENABLE_MODULES = YES;
				CLANG_ENABLE_OBJC_ARC = YES;
				CLANG_ENABLE_OBJC_WEAK = YES;
				CLANG_WARN_BLOCK_CAPTURE_AUTORELEASING = YES;
				CLANG_WARN_BOOL_CONVERSION = YES;
				CLANG_WARN_COMMA = YES;
				CLANG_WARN_CONSTANT_CONVERSION = YES;
				CLANG_WARN_DEPRECATED_OBJC_IMPLEMENTATIONS = YES;
				CLANG_WARN_DIRECT_OBJC_ISA_USAGE = YES_ERROR;
				CLANG_WARN_DOCUMENTATION_COMMENTS = YES;
				CLANG_WARN_EMPTY_BODY = YES;
				CLANG_WARN_ENUM_CONVERSION = YES;
				CLANG_WARN_INFINITE_RECURSION = YES;
				CLANG_WARN_INT_CONVERSION = YES;
				CLANG_WARN_NON_LITERAL_NULL_CONVERSION = YES;
				CLANG_WARN_OBJC_IMPLICIT_RETAIN_SELF = YES;
				CLANG_WARN_OBJC_LITERAL_CONVERSION = YES;
				CLANG_WARN_OBJC_ROOT_CLASS = YES_ERROR;
				CLANG_WARN_QUOTED_INCLUDE_IN_FRAMEWORK_HEADER = YES;
				CLANG_WARN_RANGE_LOOP_ANALYSIS = YES;
				CLANG_WARN_STRICT_PROTOTYPES = YES;
				CLANG_WARN_SUSPICIOUS_MOVE = YES;
				CLANG_WARN_UNGUARDED_AVAILABILITY = YES_AGGRESSIVE;
				CLANG_WARN_UNREACHABLE_CODE = YES;
				CLANG_WARN__DUPLICATE_METHOD_MATCH = YES;
				COPY_PHASE_STRIP = NO;
				DEBUG_INFORMATION_FORMAT = dwarf;
				ENABLE_STRICT_OBJC_MSGSEND = YES;
				ENABLE_TESTABILITY = YES;
				GCC_C_LANGUAGE_STANDARD = gnu11;
				GCC_DYNAMIC_NO_PIC = NO;
				GCC_NO_COMMON_BLOCKS = YES;
				GCC_OPTIMIZATION_LEVEL = 0;
				GCC_PREPROCESSOR_DEFINITIONS = (
					"DEBUG=1",
					"$(inherited)",
				);
				GCC_WARN_64_TO_32_BIT_CONVERSION = YES;
				GCC_WARN_ABOUT_RETURN_TYPE = YES_ERROR;
				GCC_WARN_UNDECLARED_SELECTOR = YES;
				GCC_WARN_UNINITIALIZED_AUTOS = YES_AGGRESSIVE;
				GCC_WARN_UNUSED_FUNCTION = YES;
				GCC_WARN_UNUSED_VARIABLE = YES;
				IPHONEOS_DEPLOYMENT_TARGET = 14.5;
				MTL_ENABLE_DEBUG_INFO = INCLUDE_SOURCE;
				MTL_FAST_MATH = YES;
				ONLY_ACTIVE_ARCH = YES;
				SDKROOT = iphoneos;
				SWIFT_ACTIVE_COMPILATION_CONDITIONS = DEBUG;
				SWIFT_OPTIMIZATION_LEVEL = "-Onone";
			};
			name = Debug;
		};
		E26EF4CF26BD2DD700E43157 /* Release */ = {
			isa = XCBuildConfiguration;
			buildSettings = {
				ALWAYS_SEARCH_USER_PATHS = NO;
				CLANG_ANALYZER_NONNULL = YES;
				CLANG_ANALYZER_NUMBER_OBJECT_CONVERSION = YES_AGGRESSIVE;
				CLANG_CXX_LANGUAGE_STANDARD = "gnu++14";
				CLANG_CXX_LIBRARY = "libc++";
				CLANG_ENABLE_MODULES = YES;
				CLANG_ENABLE_OBJC_ARC = YES;
				CLANG_ENABLE_OBJC_WEAK = YES;
				CLANG_WARN_BLOCK_CAPTURE_AUTORELEASING = YES;
				CLANG_WARN_BOOL_CONVERSION = YES;
				CLANG_WARN_COMMA = YES;
				CLANG_WARN_CONSTANT_CONVERSION = YES;
				CLANG_WARN_DEPRECATED_OBJC_IMPLEMENTATIONS = YES;
				CLANG_WARN_DIRECT_OBJC_ISA_USAGE = YES_ERROR;
				CLANG_WARN_DOCUMENTATION_COMMENTS = YES;
				CLANG_WARN_EMPTY_BODY = YES;
				CLANG_WARN_ENUM_CONVERSION = YES;
				CLANG_WARN_INFINITE_RECURSION = YES;
				CLANG_WARN_INT_CONVERSION = YES;
				CLANG_WARN_NON_LITERAL_NULL_CONVERSION = YES;
				CLANG_WARN_OBJC_IMPLICIT_RETAIN_SELF = YES;
				CLANG_WARN_OBJC_LITERAL_CONVERSION = YES;
				CLANG_WARN_OBJC_ROOT_CLASS = YES_ERROR;
				CLANG_WARN_QUOTED_INCLUDE_IN_FRAMEWORK_HEADER = YES;
				CLANG_WARN_RANGE_LOOP_ANALYSIS = YES;
				CLANG_WARN_STRICT_PROTOTYPES = YES;
				CLANG_WARN_SUSPICIOUS_MOVE = YES;
				CLANG_WARN_UNGUARDED_AVAILABILITY = YES_AGGRESSIVE;
				CLANG_WARN_UNREACHABLE_CODE = YES;
				CLANG_WARN__DUPLICATE_METHOD_MATCH = YES;
				COPY_PHASE_STRIP = NO;
				DEBUG_INFORMATION_FORMAT = "dwarf-with-dsym";
				ENABLE_NS_ASSERTIONS = NO;
				ENABLE_STRICT_OBJC_MSGSEND = YES;
				GCC_C_LANGUAGE_STANDARD = gnu11;
				GCC_NO_COMMON_BLOCKS = YES;
				GCC_WARN_64_TO_32_BIT_CONVERSION = YES;
				GCC_WARN_ABOUT_RETURN_TYPE = YES_ERROR;
				GCC_WARN_UNDECLARED_SELECTOR = YES;
				GCC_WARN_UNINITIALIZED_AUTOS = YES_AGGRESSIVE;
				GCC_WARN_UNUSED_FUNCTION = YES;
				GCC_WARN_UNUSED_VARIABLE = YES;
				IPHONEOS_DEPLOYMENT_TARGET = 14.5;
				MTL_ENABLE_DEBUG_INFO = NO;
				MTL_FAST_MATH = YES;
				SDKROOT = iphoneos;
				SWIFT_COMPILATION_MODE = wholemodule;
				SWIFT_OPTIMIZATION_LEVEL = "-O";
				VALIDATE_PRODUCT = YES;
			};
			name = Release;
		};
		E26EF4D126BD2DD700E43157 /* Debug */ = {
			isa = XCBuildConfiguration;
			buildSettings = {
				ASSETCATALOG_COMPILER_APPICON_NAME = AppIcon;
				ASSETCATALOG_COMPILER_GLOBAL_ACCENT_COLOR_NAME = AccentColor;
				CODE_SIGN_STYLE = Automatic;
				DEVELOPMENT_TEAM = 4778UMCE49;
				INFOPLIST_FILE = Source/App/Info.plist;
				IPHONEOS_DEPLOYMENT_TARGET = 13.0;
				LD_RUNPATH_SEARCH_PATHS = (
					"$(inherited)",
					"@executable_path/Frameworks",
				);
				PRODUCT_BUNDLE_IDENTIFIER = ru.mobileup.ListControllerExample;
				PRODUCT_NAME = "$(TARGET_NAME)";
				SWIFT_VERSION = 5.0;
				TARGETED_DEVICE_FAMILY = "1,2";
			};
			name = Debug;
		};
		E26EF4D226BD2DD700E43157 /* Release */ = {
			isa = XCBuildConfiguration;
			buildSettings = {
				ASSETCATALOG_COMPILER_APPICON_NAME = AppIcon;
				ASSETCATALOG_COMPILER_GLOBAL_ACCENT_COLOR_NAME = AccentColor;
				CODE_SIGN_STYLE = Automatic;
				DEVELOPMENT_TEAM = 4778UMCE49;
				INFOPLIST_FILE = Source/App/Info.plist;
				IPHONEOS_DEPLOYMENT_TARGET = 13.0;
				LD_RUNPATH_SEARCH_PATHS = (
					"$(inherited)",
					"@executable_path/Frameworks",
				);
				PRODUCT_BUNDLE_IDENTIFIER = ru.mobileup.ListControllerExample;
				PRODUCT_NAME = "$(TARGET_NAME)";
				SWIFT_VERSION = 5.0;
				TARGETED_DEVICE_FAMILY = "1,2";
			};
			name = Release;
		};
/* End XCBuildConfiguration section */

/* Begin XCConfigurationList section */
		E26EF4B726BD2DD500E43157 /* Build configuration list for PBXProject "ListControllerExample" */ = {
			isa = XCConfigurationList;
			buildConfigurations = (
				E26EF4CE26BD2DD700E43157 /* Debug */,
				E26EF4CF26BD2DD700E43157 /* Release */,
			);
			defaultConfigurationIsVisible = 0;
			defaultConfigurationName = Release;
		};
		E26EF4D026BD2DD700E43157 /* Build configuration list for PBXNativeTarget "ListControllerExample" */ = {
			isa = XCConfigurationList;
			buildConfigurations = (
				E26EF4D126BD2DD700E43157 /* Debug */,
				E26EF4D226BD2DD700E43157 /* Release */,
			);
			defaultConfigurationIsVisible = 0;
			defaultConfigurationName = Release;
		};
/* End XCConfigurationList section */

/* Begin XCSwiftPackageProductDependency section */
		8FA102FC2775EC4B0022A56E /* ListController */ = {
			isa = XCSwiftPackageProductDependency;
			productName = ListController;
		};
/* End XCSwiftPackageProductDependency section */
	};
	rootObject = E26EF4B426BD2DD500E43157 /* Project object */;
}
