// !$*UTF8*$!
{
	archiveVersion = 1;
	classes = {
	};
	objectVersion = 52;
	objects = {

/* Begin PBXBuildFile section */
		E2E2CEF726B9735C00FF8E0A /* CollectionController.swift in Sources */ = {isa = PBXBuildFile; fileRef = E2E2CEE126B9735C00FF8E0A /* CollectionController.swift */; platformFilter = ios; };
		E2E2CEF826B9735C00FF8E0A /* BaseCollectionController.swift in Sources */ = {isa = PBXBuildFile; fileRef = E2E2CEE226B9735C00FF8E0A /* BaseCollectionController.swift */; platformFilter = ios; };
		E2E2CEF926B9735C00FF8E0A /* BaseListController.swift in Sources */ = {isa = PBXBuildFile; fileRef = E2E2CEE326B9735C00FF8E0A /* BaseListController.swift */; platformFilter = ios; };
		E2E2CEFA26B9735C00FF8E0A /* PageProvider.swift in Sources */ = {isa = PBXBuildFile; fileRef = E2E2CEE726B9735C00FF8E0A /* PageProvider.swift */; platformFilter = ios; };
		E2E2CEFB26B9735C00FF8E0A /* PublisherPageProvider.swift in Sources */ = {isa = PBXBuildFile; fileRef = E2E2CEE826B9735C00FF8E0A /* PublisherPageProvider.swift */; platformFilter = ios; };
		E2E2CEFC26B9735C00FF8E0A /* LastItemPageProvider.swift in Sources */ = {isa = PBXBuildFile; fileRef = E2E2CEEA26B9735C00FF8E0A /* LastItemPageProvider.swift */; platformFilter = ios; };
		E2E2CEFD26B9735C00FF8E0A /* LimitOffsetPageProvider.swift in Sources */ = {isa = PBXBuildFile; fileRef = E2E2CEEB26B9735C00FF8E0A /* LimitOffsetPageProvider.swift */; platformFilter = ios; };
		E2E2CEFE26B9735C00FF8E0A /* Page.swift in Sources */ = {isa = PBXBuildFile; fileRef = E2E2CEEC26B9735C00FF8E0A /* Page.swift */; platformFilter = ios; };
		E2E2CEFF26B9735C00FF8E0A /* PagingTableController.swift in Sources */ = {isa = PBXBuildFile; fileRef = E2E2CEED26B9735C00FF8E0A /* PagingTableController.swift */; platformFilter = ios; };
		E2E2CF0026B9735C00FF8E0A /* BaseTableController.swift in Sources */ = {isa = PBXBuildFile; fileRef = E2E2CEEE26B9735C00FF8E0A /* BaseTableController.swift */; platformFilter = ios; };
		E2E2CF0126B9735C00FF8E0A /* PagingAdapter.swift in Sources */ = {isa = PBXBuildFile; fileRef = E2E2CEF026B9735C00FF8E0A /* PagingAdapter.swift */; platformFilter = ios; };
		E2E2CF0226B9735C00FF8E0A /* PageLoadingView.swift in Sources */ = {isa = PBXBuildFile; fileRef = E2E2CEF126B9735C00FF8E0A /* PageLoadingView.swift */; platformFilter = ios; };
		E2E2CF0326B9735C00FF8E0A /* LoadingTableController.swift in Sources */ = {isa = PBXBuildFile; fileRef = E2E2CEF226B9735C00FF8E0A /* LoadingTableController.swift */; platformFilter = ios; };
		E2E2CF0426B9735C00FF8E0A /* TableController.swift in Sources */ = {isa = PBXBuildFile; fileRef = E2E2CEF326B9735C00FF8E0A /* TableController.swift */; platformFilter = ios; };
		E2E2CF0526B9735C00FF8E0A /* Configurable.swift in Sources */ = {isa = PBXBuildFile; fileRef = E2E2CEF526B9735C00FF8E0A /* Configurable.swift */; platformFilter = ios; };
		E2E2CF0626B9735C00FF8E0A /* SenderConfigurable.swift in Sources */ = {isa = PBXBuildFile; fileRef = E2E2CEF626B9735C00FF8E0A /* SenderConfigurable.swift */; platformFilter = ios; };
		E2E2CF0A26B975EC00FF8E0A /* UIView+Constraints.swift in Sources */ = {isa = PBXBuildFile; fileRef = E2E2CF0926B975EC00FF8E0A /* UIView+Constraints.swift */; };
/* End PBXBuildFile section */

/* Begin PBXCopyFilesBuildPhase section */
		E2E2CECF26B971F300FF8E0A /* CopyFiles */ = {
			isa = PBXCopyFilesBuildPhase;
			buildActionMask = 2147483647;
			dstPath = "include/$(PRODUCT_NAME)";
			dstSubfolderSpec = 16;
			files = (
			);
			runOnlyForDeploymentPostprocessing = 0;
		};
/* End PBXCopyFilesBuildPhase section */

/* Begin PBXFileReference section */
		E2E2CED126B971F300FF8E0A /* libListController.a */ = {isa = PBXFileReference; explicitFileType = archive.ar; includeInIndex = 0; path = libListController.a; sourceTree = BUILT_PRODUCTS_DIR; };
		E2E2CEE126B9735C00FF8E0A /* CollectionController.swift */ = {isa = PBXFileReference; fileEncoding = 4; lastKnownFileType = sourcecode.swift; path = CollectionController.swift; sourceTree = "<group>"; };
		E2E2CEE226B9735C00FF8E0A /* BaseCollectionController.swift */ = {isa = PBXFileReference; fileEncoding = 4; lastKnownFileType = sourcecode.swift; path = BaseCollectionController.swift; sourceTree = "<group>"; };
		E2E2CEE326B9735C00FF8E0A /* BaseListController.swift */ = {isa = PBXFileReference; fileEncoding = 4; lastKnownFileType = sourcecode.swift; path = BaseListController.swift; sourceTree = "<group>"; };
		E2E2CEE726B9735C00FF8E0A /* PageProvider.swift */ = {isa = PBXFileReference; fileEncoding = 4; lastKnownFileType = sourcecode.swift; path = PageProvider.swift; sourceTree = "<group>"; };
		E2E2CEE826B9735C00FF8E0A /* PublisherPageProvider.swift */ = {isa = PBXFileReference; fileEncoding = 4; lastKnownFileType = sourcecode.swift; path = PublisherPageProvider.swift; sourceTree = "<group>"; };
		E2E2CEEA26B9735C00FF8E0A /* LastItemPageProvider.swift */ = {isa = PBXFileReference; fileEncoding = 4; lastKnownFileType = sourcecode.swift; path = LastItemPageProvider.swift; sourceTree = "<group>"; };
		E2E2CEEB26B9735C00FF8E0A /* LimitOffsetPageProvider.swift */ = {isa = PBXFileReference; fileEncoding = 4; lastKnownFileType = sourcecode.swift; path = LimitOffsetPageProvider.swift; sourceTree = "<group>"; };
		E2E2CEEC26B9735C00FF8E0A /* Page.swift */ = {isa = PBXFileReference; fileEncoding = 4; lastKnownFileType = sourcecode.swift; path = Page.swift; sourceTree = "<group>"; };
		E2E2CEED26B9735C00FF8E0A /* PagingTableController.swift */ = {isa = PBXFileReference; fileEncoding = 4; lastKnownFileType = sourcecode.swift; path = PagingTableController.swift; sourceTree = "<group>"; };
		E2E2CEEE26B9735C00FF8E0A /* BaseTableController.swift */ = {isa = PBXFileReference; fileEncoding = 4; lastKnownFileType = sourcecode.swift; path = BaseTableController.swift; sourceTree = "<group>"; };
		E2E2CEF026B9735C00FF8E0A /* PagingAdapter.swift */ = {isa = PBXFileReference; fileEncoding = 4; lastKnownFileType = sourcecode.swift; path = PagingAdapter.swift; sourceTree = "<group>"; };
		E2E2CEF126B9735C00FF8E0A /* PageLoadingView.swift */ = {isa = PBXFileReference; fileEncoding = 4; lastKnownFileType = sourcecode.swift; path = PageLoadingView.swift; sourceTree = "<group>"; };
		E2E2CEF226B9735C00FF8E0A /* LoadingTableController.swift */ = {isa = PBXFileReference; fileEncoding = 4; lastKnownFileType = sourcecode.swift; path = LoadingTableController.swift; sourceTree = "<group>"; };
		E2E2CEF326B9735C00FF8E0A /* TableController.swift */ = {isa = PBXFileReference; fileEncoding = 4; lastKnownFileType = sourcecode.swift; path = TableController.swift; sourceTree = "<group>"; };
		E2E2CEF526B9735C00FF8E0A /* Configurable.swift */ = {isa = PBXFileReference; fileEncoding = 4; lastKnownFileType = sourcecode.swift; path = Configurable.swift; sourceTree = "<group>"; };
		E2E2CEF626B9735C00FF8E0A /* SenderConfigurable.swift */ = {isa = PBXFileReference; fileEncoding = 4; lastKnownFileType = sourcecode.swift; path = SenderConfigurable.swift; sourceTree = "<group>"; };
		E2E2CF0926B975EC00FF8E0A /* UIView+Constraints.swift */ = {isa = PBXFileReference; lastKnownFileType = sourcecode.swift; path = "UIView+Constraints.swift"; sourceTree = "<group>"; };
/* End PBXFileReference section */

/* Begin PBXFrameworksBuildPhase section */
		E2E2CECE26B971F300FF8E0A /* Frameworks */ = {
			isa = PBXFrameworksBuildPhase;
			buildActionMask = 2147483647;
			files = (
			);
			runOnlyForDeploymentPostprocessing = 0;
		};
/* End PBXFrameworksBuildPhase section */

/* Begin PBXGroup section */
		E213431426BAB37B0046DA50 /* ListController */ = {
			isa = PBXGroup;
			children = (
				E2E2CEE326B9735C00FF8E0A /* BaseListController.swift */,
			);
			path = ListController;
			sourceTree = "<group>";
		};
		E2E2CEC826B971F300FF8E0A = {
			isa = PBXGroup;
			children = (
				E2E2CED326B971F300FF8E0A /* Source */,
				E2E2CED226B971F300FF8E0A /* Products */,
			);
			sourceTree = "<group>";
		};
		E2E2CED226B971F300FF8E0A /* Products */ = {
			isa = PBXGroup;
			children = (
				E2E2CED126B971F300FF8E0A /* libListController.a */,
			);
			name = Products;
			sourceTree = "<group>";
		};
		E2E2CED326B971F300FF8E0A /* Source */ = {
			isa = PBXGroup;
			children = (
				E2E2CF0826B975D400FF8E0A /* Extensions */,
				E2E2CEF426B9735C00FF8E0A /* Configurable */,
				E213431426BAB37B0046DA50 /* ListController */,
				E2E2CEE026B9735C00FF8E0A /* CollectionController */,
				E2E2CEE426B9735C00FF8E0A /* TableController */,
				E2E2CEE526B9735C00FF8E0A /* PagingTableController */,
				E2E2CEEF26B9735C00FF8E0A /* LoadingTableController */,
			);
			path = Source;
			sourceTree = "<group>";
		};
		E2E2CEE026B9735C00FF8E0A /* CollectionController */ = {
			isa = PBXGroup;
			children = (
				E2E2CEE126B9735C00FF8E0A /* CollectionController.swift */,
				E2E2CEE226B9735C00FF8E0A /* BaseCollectionController.swift */,
			);
			path = CollectionController;
			sourceTree = "<group>";
		};
		E2E2CEE426B9735C00FF8E0A /* TableController */ = {
			isa = PBXGroup;
			children = (
				E2E2CEF326B9735C00FF8E0A /* TableController.swift */,
				E2E2CEEE26B9735C00FF8E0A /* BaseTableController.swift */,
			);
			path = TableController;
			sourceTree = "<group>";
		};
		E2E2CEE526B9735C00FF8E0A /* PagingTableController */ = {
			isa = PBXGroup;
			children = (
				E2E2CEE626B9735C00FF8E0A /* PageProvider */,
				E2E2CEE926B9735C00FF8E0A /* DefaultPageProvider */,
				E2E2CEED26B9735C00FF8E0A /* PagingTableController.swift */,
			);
			path = PagingTableController;
			sourceTree = "<group>";
		};
		E2E2CEE626B9735C00FF8E0A /* PageProvider */ = {
			isa = PBXGroup;
			children = (
				E2E2CEEC26B9735C00FF8E0A /* Page.swift */,
				E2E2CEE726B9735C00FF8E0A /* PageProvider.swift */,
				E2E2CEE826B9735C00FF8E0A /* PublisherPageProvider.swift */,
			);
			path = PageProvider;
			sourceTree = "<group>";
		};
		E2E2CEE926B9735C00FF8E0A /* DefaultPageProvider */ = {
			isa = PBXGroup;
			children = (
				E2E2CEEA26B9735C00FF8E0A /* LastItemPageProvider.swift */,
				E2E2CEEB26B9735C00FF8E0A /* LimitOffsetPageProvider.swift */,
			);
			path = DefaultPageProvider;
			sourceTree = "<group>";
		};
		E2E2CEEF26B9735C00FF8E0A /* LoadingTableController */ = {
			isa = PBXGroup;
			children = (
				E2E2CEF026B9735C00FF8E0A /* PagingAdapter.swift */,
				E2E2CEF126B9735C00FF8E0A /* PageLoadingView.swift */,
				E2E2CEF226B9735C00FF8E0A /* LoadingTableController.swift */,
			);
			path = LoadingTableController;
			sourceTree = "<group>";
		};
		E2E2CEF426B9735C00FF8E0A /* Configurable */ = {
			isa = PBXGroup;
			children = (
				E2E2CEF526B9735C00FF8E0A /* Configurable.swift */,
				E2E2CEF626B9735C00FF8E0A /* SenderConfigurable.swift */,
			);
			path = Configurable;
			sourceTree = "<group>";
		};
		E2E2CF0826B975D400FF8E0A /* Extensions */ = {
			isa = PBXGroup;
			children = (
				E2E2CF0926B975EC00FF8E0A /* UIView+Constraints.swift */,
			);
			path = Extensions;
			sourceTree = "<group>";
		};
/* End PBXGroup section */

/* Begin PBXNativeTarget section */
		E2E2CED026B971F300FF8E0A /* ListController */ = {
			isa = PBXNativeTarget;
			buildConfigurationList = E2E2CED826B971F300FF8E0A /* Build configuration list for PBXNativeTarget "ListController" */;
			buildPhases = (
				E2E2CECD26B971F300FF8E0A /* Sources */,
				E2E2CECE26B971F300FF8E0A /* Frameworks */,
				E2E2CECF26B971F300FF8E0A /* CopyFiles */,
			);
			buildRules = (
			);
			dependencies = (
			);
			name = ListController;
			productName = ListController;
			productReference = E2E2CED126B971F300FF8E0A /* libListController.a */;
			productType = "com.apple.product-type.library.static";
		};
/* End PBXNativeTarget section */

/* Begin PBXProject section */
		E2E2CEC926B971F300FF8E0A /* Project object */ = {
			isa = PBXProject;
			attributes = {
				LastSwiftUpdateCheck = 1250;
				LastUpgradeCheck = 1250;
				TargetAttributes = {
					E2E2CED026B971F300FF8E0A = {
						CreatedOnToolsVersion = 12.5.1;
						LastSwiftMigration = 1250;
					};
				};
			};
			buildConfigurationList = E2E2CECC26B971F300FF8E0A /* Build configuration list for PBXProject "ListController" */;
			compatibilityVersion = "Xcode 9.3";
			developmentRegion = en;
			hasScannedForEncodings = 0;
			knownRegions = (
				en,
				Base,
			);
			mainGroup = E2E2CEC826B971F300FF8E0A;
			productRefGroup = E2E2CED226B971F300FF8E0A /* Products */;
			projectDirPath = "";
			projectRoot = "";
			targets = (
				E2E2CED026B971F300FF8E0A /* ListController */,
			);
		};
/* End PBXProject section */

/* Begin PBXSourcesBuildPhase section */
		E2E2CECD26B971F300FF8E0A /* Sources */ = {
			isa = PBXSourcesBuildPhase;
			buildActionMask = 2147483647;
			files = (
				E2E2CF0526B9735C00FF8E0A /* Configurable.swift in Sources */,
				E2E2CF0426B9735C00FF8E0A /* TableController.swift in Sources */,
				E2E2CEF826B9735C00FF8E0A /* BaseCollectionController.swift in Sources */,
				E2E2CF0126B9735C00FF8E0A /* PagingAdapter.swift in Sources */,
				E2E2CF0026B9735C00FF8E0A /* BaseTableController.swift in Sources */,
				E2E2CF0626B9735C00FF8E0A /* SenderConfigurable.swift in Sources */,
				E2E2CEFB26B9735C00FF8E0A /* PublisherPageProvider.swift in Sources */,
				E2E2CF0326B9735C00FF8E0A /* LoadingTableController.swift in Sources */,
				E2E2CEFE26B9735C00FF8E0A /* Page.swift in Sources */,
				E2E2CEFC26B9735C00FF8E0A /* LastItemPageProvider.swift in Sources */,
				E2E2CEFF26B9735C00FF8E0A /* PagingTableController.swift in Sources */,
				E2E2CEFA26B9735C00FF8E0A /* PageProvider.swift in Sources */,
				E2E2CEF726B9735C00FF8E0A /* CollectionController.swift in Sources */,
				E2E2CF0A26B975EC00FF8E0A /* UIView+Constraints.swift in Sources */,
				E2E2CEFD26B9735C00FF8E0A /* LimitOffsetPageProvider.swift in Sources */,
				E2E2CF0226B9735C00FF8E0A /* PageLoadingView.swift in Sources */,
				E2E2CEF926B9735C00FF8E0A /* BaseListController.swift in Sources */,
			);
			runOnlyForDeploymentPostprocessing = 0;
		};
/* End PBXSourcesBuildPhase section */

/* Begin XCBuildConfiguration section */
		E2E2CED626B971F300FF8E0A /* Debug */ = {
			isa = XCBuildConfiguration;
			buildSettings = {
				ALWAYS_SEARCH_USER_PATHS = NO;
				CLANG_ANALYZER_NONNULL = YES;
				CLANG_ANALYZER_NUMBER_OBJECT_CONVERSION = YES_AGGRESSIVE;
				CLANG_CXX_LANGUAGE_STANDARD = "gnu++14";
				CLANG_CXX_LIBRARY = "libc++";
				CLANG_ENABLE_MODULES = YES;
				CLANG_ENABLE_OBJC_ARC = YES;
				CLANG_ENABLE_OBJC_WEAK = YES;
				CLANG_WARN_BLOCK_CAPTURE_AUTORELEASING = YES;
				CLANG_WARN_BOOL_CONVERSION = YES;
				CLANG_WARN_COMMA = YES;
				CLANG_WARN_CONSTANT_CONVERSION = YES;
				CLANG_WARN_DEPRECATED_OBJC_IMPLEMENTATIONS = YES;
				CLANG_WARN_DIRECT_OBJC_ISA_USAGE = YES_ERROR;
				CLANG_WARN_DOCUMENTATION_COMMENTS = YES;
				CLANG_WARN_EMPTY_BODY = YES;
				CLANG_WARN_ENUM_CONVERSION = YES;
				CLANG_WARN_INFINITE_RECURSION = YES;
				CLANG_WARN_INT_CONVERSION = YES;
				CLANG_WARN_NON_LITERAL_NULL_CONVERSION = YES;
				CLANG_WARN_OBJC_IMPLICIT_RETAIN_SELF = YES;
				CLANG_WARN_OBJC_LITERAL_CONVERSION = YES;
				CLANG_WARN_OBJC_ROOT_CLASS = YES_ERROR;
				CLANG_WARN_QUOTED_INCLUDE_IN_FRAMEWORK_HEADER = YES;
				CLANG_WARN_RANGE_LOOP_ANALYSIS = YES;
				CLANG_WARN_STRICT_PROTOTYPES = YES;
				CLANG_WARN_SUSPICIOUS_MOVE = YES;
				CLANG_WARN_UNGUARDED_AVAILABILITY = YES_AGGRESSIVE;
				CLANG_WARN_UNREACHABLE_CODE = YES;
				CLANG_WARN__DUPLICATE_METHOD_MATCH = YES;
				COPY_PHASE_STRIP = NO;
				DEBUG_INFORMATION_FORMAT = dwarf;
				ENABLE_STRICT_OBJC_MSGSEND = YES;
				ENABLE_TESTABILITY = YES;
				GCC_C_LANGUAGE_STANDARD = gnu11;
				GCC_DYNAMIC_NO_PIC = NO;
				GCC_NO_COMMON_BLOCKS = YES;
				GCC_OPTIMIZATION_LEVEL = 0;
				GCC_PREPROCESSOR_DEFINITIONS = (
					"DEBUG=1",
					"$(inherited)",
				);
				GCC_WARN_64_TO_32_BIT_CONVERSION = YES;
				GCC_WARN_ABOUT_RETURN_TYPE = YES_ERROR;
				GCC_WARN_UNDECLARED_SELECTOR = YES;
				GCC_WARN_UNINITIALIZED_AUTOS = YES_AGGRESSIVE;
				GCC_WARN_UNUSED_FUNCTION = YES;
				GCC_WARN_UNUSED_VARIABLE = YES;
				IPHONEOS_DEPLOYMENT_TARGET = 13.0;
				MTL_ENABLE_DEBUG_INFO = INCLUDE_SOURCE;
				MTL_FAST_MATH = YES;
				ONLY_ACTIVE_ARCH = YES;
				SDKROOT = iphoneos;
				SWIFT_ACTIVE_COMPILATION_CONDITIONS = DEBUG;
				SWIFT_OPTIMIZATION_LEVEL = "-Onone";
			};
			name = Debug;
		};
		E2E2CED726B971F300FF8E0A /* Release */ = {
			isa = XCBuildConfiguration;
			buildSettings = {
				ALWAYS_SEARCH_USER_PATHS = NO;
				CLANG_ANALYZER_NONNULL = YES;
				CLANG_ANALYZER_NUMBER_OBJECT_CONVERSION = YES_AGGRESSIVE;
				CLANG_CXX_LANGUAGE_STANDARD = "gnu++14";
				CLANG_CXX_LIBRARY = "libc++";
				CLANG_ENABLE_MODULES = YES;
				CLANG_ENABLE_OBJC_ARC = YES;
				CLANG_ENABLE_OBJC_WEAK = YES;
				CLANG_WARN_BLOCK_CAPTURE_AUTORELEASING = YES;
				CLANG_WARN_BOOL_CONVERSION = YES;
				CLANG_WARN_COMMA = YES;
				CLANG_WARN_CONSTANT_CONVERSION = YES;
				CLANG_WARN_DEPRECATED_OBJC_IMPLEMENTATIONS = YES;
				CLANG_WARN_DIRECT_OBJC_ISA_USAGE = YES_ERROR;
				CLANG_WARN_DOCUMENTATION_COMMENTS = YES;
				CLANG_WARN_EMPTY_BODY = YES;
				CLANG_WARN_ENUM_CONVERSION = YES;
				CLANG_WARN_INFINITE_RECURSION = YES;
				CLANG_WARN_INT_CONVERSION = YES;
				CLANG_WARN_NON_LITERAL_NULL_CONVERSION = YES;
				CLANG_WARN_OBJC_IMPLICIT_RETAIN_SELF = YES;
				CLANG_WARN_OBJC_LITERAL_CONVERSION = YES;
				CLANG_WARN_OBJC_ROOT_CLASS = YES_ERROR;
				CLANG_WARN_QUOTED_INCLUDE_IN_FRAMEWORK_HEADER = YES;
				CLANG_WARN_RANGE_LOOP_ANALYSIS = YES;
				CLANG_WARN_STRICT_PROTOTYPES = YES;
				CLANG_WARN_SUSPICIOUS_MOVE = YES;
				CLANG_WARN_UNGUARDED_AVAILABILITY = YES_AGGRESSIVE;
				CLANG_WARN_UNREACHABLE_CODE = YES;
				CLANG_WARN__DUPLICATE_METHOD_MATCH = YES;
				COPY_PHASE_STRIP = NO;
				DEBUG_INFORMATION_FORMAT = "dwarf-with-dsym";
				ENABLE_NS_ASSERTIONS = NO;
				ENABLE_STRICT_OBJC_MSGSEND = YES;
				GCC_C_LANGUAGE_STANDARD = gnu11;
				GCC_NO_COMMON_BLOCKS = YES;
				GCC_WARN_64_TO_32_BIT_CONVERSION = YES;
				GCC_WARN_ABOUT_RETURN_TYPE = YES_ERROR;
				GCC_WARN_UNDECLARED_SELECTOR = YES;
				GCC_WARN_UNINITIALIZED_AUTOS = YES_AGGRESSIVE;
				GCC_WARN_UNUSED_FUNCTION = YES;
				GCC_WARN_UNUSED_VARIABLE = YES;
				IPHONEOS_DEPLOYMENT_TARGET = 13.0;
				MTL_ENABLE_DEBUG_INFO = NO;
				MTL_FAST_MATH = YES;
				SDKROOT = iphoneos;
				SWIFT_COMPILATION_MODE = wholemodule;
				SWIFT_OPTIMIZATION_LEVEL = "-O";
				VALIDATE_PRODUCT = YES;
			};
			name = Release;
		};
		E2E2CED926B971F300FF8E0A /* Debug */ = {
			isa = XCBuildConfiguration;
			buildSettings = {
				CLANG_ENABLE_MODULES = YES;
				CODE_SIGN_STYLE = Automatic;
				DEVELOPMENT_TEAM = 4778UMCE49;
				LD_RUNPATH_SEARCH_PATHS = (
					"$(inherited)",
					"@executable_path/Frameworks",
					"@loader_path/Frameworks",
				);
				OTHER_LDFLAGS = "-ObjC";
				PRODUCT_NAME = "$(TARGET_NAME)";
				SKIP_INSTALL = YES;
				SWIFT_OPTIMIZATION_LEVEL = "-Onone";
				SWIFT_VERSION = 5.0;
				TARGETED_DEVICE_FAMILY = "1,2";
			};
			name = Debug;
		};
		E2E2CEDA26B971F300FF8E0A /* Release */ = {
			isa = XCBuildConfiguration;
			buildSettings = {
				CLANG_ENABLE_MODULES = YES;
				CODE_SIGN_STYLE = Automatic;
				DEVELOPMENT_TEAM = 4778UMCE49;
				LD_RUNPATH_SEARCH_PATHS = (
					"$(inherited)",
					"@executable_path/Frameworks",
					"@loader_path/Frameworks",
				);
				OTHER_LDFLAGS = "-ObjC";
				PRODUCT_NAME = "$(TARGET_NAME)";
				SKIP_INSTALL = YES;
				SWIFT_VERSION = 5.0;
				TARGETED_DEVICE_FAMILY = "1,2";
			};
			name = Release;
		};
/* End XCBuildConfiguration section */

/* Begin XCConfigurationList section */
		E2E2CECC26B971F300FF8E0A /* Build configuration list for PBXProject "ListController" */ = {
			isa = XCConfigurationList;
			buildConfigurations = (
				E2E2CED626B971F300FF8E0A /* Debug */,
				E2E2CED726B971F300FF8E0A /* Release */,
			);
			defaultConfigurationIsVisible = 0;
			defaultConfigurationName = Release;
		};
		E2E2CED826B971F300FF8E0A /* Build configuration list for PBXNativeTarget "ListController" */ = {
			isa = XCConfigurationList;
			buildConfigurations = (
				E2E2CED926B971F300FF8E0A /* Debug */,
				E2E2CEDA26B971F300FF8E0A /* Release */,
			);
			defaultConfigurationIsVisible = 0;
			defaultConfigurationName = Release;
		};
/* End XCConfigurationList section */
	};
	rootObject = E2E2CEC926B971F300FF8E0A /* Project object */;
}
